
Microsoft Visual Studio Solution File, Format Version 12.00
# Visual Studio Version 17
VisualStudioVersion = 17.2.32630.192
MinimumVisualStudioVersion = 10.0.40219.1
Project("{9A19103F-16F7-4668-BE54-9A1E7A4F7556}") = "D8S.NG0001", "D8S.NG0001\D8S.NG0001.csproj", "{8566179C-7FBB-4465-A490-29400A4095F3}"
EndProject
Global
	GlobalSection(SolutionConfigurationPlatforms) = preSolution
		Debug|Any CPU = Debug|Any CPU
		Release|Any CPU = Release|Any CPU
	EndGlobalSection
	GlobalSection(ProjectConfigurationPlatforms) = postSolution
		{8566179C-7FBB-4465-A490-29400A4095F3}.Debug|Any CPU.ActiveCfg = Debug|Any CPU
		{8566179C-7FBB-4465-A490-29400A4095F3}.Debug|Any CPU.Build.0 = Debug|Any CPU
		{8566179C-7FBB-4465-A490-29400A4095F3}.Release|Any CPU.ActiveCfg = Release|Any CPU
		{8566179C-7FBB-4465-A490-29400A4095F3}.Release|Any CPU.Build.0 = Release|Any CPU
	EndGlobalSection
	GlobalSection(SolutionProperties) = preSolution
		HideSolutionNode = FALSE
	EndGlobalSection
	GlobalSection(ExtensibilityGlobals) = postSolution
		SolutionGuid = {3CBAA24B-2306-4DD9-96AA-013C47ACE549}
	EndGlobalSection
EndGlobal
